<?xml version="1.0" encoding="utf-8"?>
<Project ToolsVersion="4.0" xmlns="http://schemas.microsoft.com/developer/msbuild/2003">
  <ItemGroup>
    <Filter Include="Source Files">
      <UniqueIdentifier>{4FC737F1-C7A5-4376-A066-2A32D752A2FF}</UniqueIdentifier>
      <Extensions>cpp;c;cc;cxx;def;odl;idl;hpj;bat;asm;asmx</Extensions>
    </Filter>
    <Filter Include="Header Files">
      <UniqueIdentifier>{93995380-89BD-4b04-88EB-625FBE52EBFB}</UniqueIdentifier>
      <Extensions>h;hh;hpp;hxx;hm;inl;inc;xsd</Extensions>
    </Filter>
    <Filter Include="Resource Files">
      <UniqueIdentifier>{67DA6AB6-F800-4c08-8B7A-83BB121AAD01}</UniqueIdentifier>
      <Extensions>rc;ico;cur;bmp;dlg;rc2;rct;bin;rgs;gif;jpg;jpeg;jpe;resx;tiff;tif;png;wav;mfcribbon-ms</Extensions>
    </Filter>
    <Filter Include="Type Define">
      <UniqueIdentifier>{01c5cdd9-e5d4-4786-a991-e1e4a993dd9c}</UniqueIdentifier>
    </Filter>
    <Filter Include="Cfg">
      <UniqueIdentifier>{6eb41f40-090b-4b41-9764-95485ef158d9}</UniqueIdentifier>
    </Filter>
  </ItemGroup>
  <ItemGroup>
    <Text Include="ReadMe.txt" />
    <Text Include="工程介绍.txt" />
  </ItemGroup>
  <ItemGroup>
    <ClInclude Include="StructuredStorage.h">
      <Filter>Header Files</Filter>
    </ClInclude>
    <ClInclude Include="StructuredStorageDlg.h">
      <Filter>Header Files</Filter>
    </ClInclude>
    <ClInclude Include="stdafx.h">
      <Filter>Header Files</Filter>
    </ClInclude>
    <ClInclude Include="targetver.h">
      <Filter>Header Files</Filter>
    </ClInclude>
    <ClInclude Include="Resource.h">
      <Filter>Header Files</Filter>
    </ClInclude>
    <ClInclude Include="Stg.h">
      <Filter>Type Define</Filter>
    </ClInclude>
    <ClInclude Include="CfgNormalDlg.h">
      <Filter>Cfg</Filter>
    </ClInclude>
    <ClInclude Include="Utility.h">
      <Filter>Header Files</Filter>
    </ClInclude>
    <ClInclude Include="CfgCustomDlg.h">
      <Filter>Cfg</Filter>
    </ClInclude>
    <ClInclude Include="CfgRevisionDlg.h">
      <Filter>Cfg</Filter>
    </ClInclude>
    <ClInclude Include="CfgSaveDlg.h">
      <Filter>Cfg</Filter>
    </ClInclude>
  </ItemGroup>
  <ItemGroup>
    <ClCompile Include="StructuredStorage.cpp">
      <Filter>Source Files</Filter>
    </ClCompile>
    <ClCompile Include="StructuredStorageDlg.cpp">
      <Filter>Source Files</Filter>
    </ClCompile>
    <ClCompile Include="stdafx.cpp">
      <Filter>Source Files</Filter>
    </ClCompile>
    <ClCompile Include="CfgNormalDlg.cpp">
      <Filter>Cfg</Filter>
    </ClCompile>
    <ClCompile Include="Utility.cpp">
      <Filter>Source Files</Filter>
    </ClCompile>
    <ClCompile Include="Stg.cpp">
      <Filter>Type Define</Filter>
    </ClCompile>
    <ClCompile Include="CfgCustomDlg.cpp">
      <Filter>Cfg</Filter>
    </ClCompile>
    <ClCompile Include="CfgRevisionDlg.cpp">
      <Filter>Cfg</Filter>
    </ClCompile>
    <ClCompile Include="CfgSaveDlg.cpp">
      <Filter>Cfg</Filter>
    </ClCompile>
  </ItemGroup>
  <ItemGroup>
    <ResourceCompile Include="StructuredStorage.rc">
      <Filter>Resource Files</Filter>
    </ResourceCompile>
  </ItemGroup>
  <ItemGroup>
    <None Include="res\StructuredStorage.rc2">
      <Filter>Resource Files</Filter>
    </None>
  </ItemGroup>
  <ItemGroup>
    <Image Include="res\StructuredStorage.ico">
      <Filter>Resource Files</Filter>
    </Image>
  </ItemGroup>
</Project>